
Microsoft Visual Studio Solution File, Format Version 12.00
# Visual Studio Version 17
VisualStudioVersion = 17.2.32630.192
MinimumVisualStudioVersion = 10.0.40219.1
Project("{9A19103F-16F7-4668-BE54-9A1E7A4F7556}") = "Api", "Api\Api.csproj", "{2F9F7127-3B19-4DFA-B340-1EC9DA7A7F62}"
EndProject
Project("{9A19103F-16F7-4668-BE54-9A1E7A4F7556}") = "Domain", "Domain\Domain.csproj", "{AEBF0052-2B30-4E15-8D22-549575C001F4}"
EndProject
Project("{9A19103F-16F7-4668-BE54-9A1E7A4F7556}") = "Infrastructure", "Infrastructure\Infrastructure.csproj", "{84F03CB8-F9C7-4AA4-AB1B-0C1FB76924B6}"
EndProject
Project("{9A19103F-16F7-4668-BE54-9A1E7A4F7556}") = "Application", "Application\Application.csproj", "{CCB19FB2-9172-4C25-B4D4-E42A586A9D3E}"
EndProject
Project("{2150E333-8FDC-42A3-9474-1A3956D46DE8}") = "Solution Items", "Solution Items", "{F4C2406C-98A8-4365-81C2-1EF01F067333}"
	ProjectSection(SolutionItems) = preProject
		.editorconfig = .editorconfig
	EndProjectSection
EndProject
Global
	GlobalSection(SolutionConfigurationPlatforms) = preSolution
		Debug|Any CPU = Debug|Any CPU
		Release|Any CPU = Release|Any CPU
	EndGlobalSection
	GlobalSection(ProjectConfigurationPlatforms) = postSolution
		{2F9F7127-3B19-4DFA-B340-1EC9DA7A7F62}.Debug|Any CPU.ActiveCfg = Debug|Any CPU
		{2F9F7127-3B19-4DFA-B340-1EC9DA7A7F62}.Debug|Any CPU.Build.0 = Debug|Any CPU
		{2F9F7127-3B19-4DFA-B340-1EC9DA7A7F62}.Release|Any CPU.ActiveCfg = Release|Any CPU
		{2F9F7127-3B19-4DFA-B340-1EC9DA7A7F62}.Release|Any CPU.Build.0 = Release|Any CPU
		{AEBF0052-2B30-4E15-8D22-549575C001F4}.Debug|Any CPU.ActiveCfg = Debug|Any CPU
		{AEBF0052-2B30-4E15-8D22-549575C001F4}.Debug|Any CPU.Build.0 = Debug|Any CPU
		{AEBF0052-2B30-4E15-8D22-549575C001F4}.Release|Any CPU.ActiveCfg = Release|Any CPU
		{AEBF0052-2B30-4E15-8D22-549575C001F4}.Release|Any CPU.Build.0 = Release|Any CPU
		{84F03CB8-F9C7-4AA4-AB1B-0C1FB76924B6}.Debug|Any CPU.ActiveCfg = Debug|Any CPU
		{84F03CB8-F9C7-4AA4-AB1B-0C1FB76924B6}.Debug|Any CPU.Build.0 = Debug|Any CPU
		{84F03CB8-F9C7-4AA4-AB1B-0C1FB76924B6}.Release|Any CPU.ActiveCfg = Release|Any CPU
		{84F03CB8-F9C7-4AA4-AB1B-0C1FB76924B6}.Release|Any CPU.Build.0 = Release|Any CPU
		{CCB19FB2-9172-4C25-B4D4-E42A586A9D3E}.Debug|Any CPU.ActiveCfg = Debug|Any CPU
		{CCB19FB2-9172-4C25-B4D4-E42A586A9D3E}.Debug|Any CPU.Build.0 = Debug|Any CPU
		{CCB19FB2-9172-4C25-B4D4-E42A586A9D3E}.Release|Any CPU.ActiveCfg = Release|Any CPU
		{CCB19FB2-9172-4C25-B4D4-E42A586A9D3E}.Release|Any CPU.Build.0 = Release|Any CPU
	EndGlobalSection
	GlobalSection(SolutionProperties) = preSolution
		HideSolutionNode = FALSE
	EndGlobalSection
	GlobalSection(ExtensibilityGlobals) = postSolution
		SolutionGuid = {5C43B9E8-0C08-4A49-98E1-65F10623ECCF}
	EndGlobalSection
EndGlobal
